
Microsoft Visual Studio Solution File, Format Version 12.00
# Visual Studio Version 16
VisualStudioVersion = 16.0.30907.101
MinimumVisualStudioVersion = 10.0.40219.1
Project("{FAE04EC0-301F-11D3-BF4B-00C04F79EFBC}") = "курсовой проект", "курсовой проект\курсовой проект.csproj", "{A933F538-3071-4483-8999-BBA70878B4B2}"
EndProject
Global
	GlobalSection(SolutionConfigurationPlatforms) = preSolution
		Debug|Any CPU = Debug|Any CPU
		Release|Any CPU = Release|Any CPU
	EndGlobalSection
	GlobalSection(ProjectConfigurationPlatforms) = postSolution
		{A933F538-3071-4483-8999-BBA70878B4B2}.Debug|Any CPU.ActiveCfg = Debug|Any CPU
		{A933F538-3071-4483-8999-BBA70878B4B2}.Debug|Any CPU.Build.0 = Debug|Any CPU
		{A933F538-3071-4483-8999-BBA70878B4B2}.Release|Any CPU.ActiveCfg = Release|Any CPU
		{A933F538-3071-4483-8999-BBA70878B4B2}.Release|Any CPU.Build.0 = Release|Any CPU
	EndGlobalSection
	GlobalSection(SolutionProperties) = preSolution
		HideSolutionNode = FALSE
	EndGlobalSection
	GlobalSection(ExtensibilityGlobals) = postSolution
		SolutionGuid = {7CDF73E8-93D4-4345-A564-7BC3875F5D36}
	EndGlobalSection
EndGlobal
